
Microsoft Visual Studio Solution File, Format Version 12.00
Project("{FAE04EC0-301F-11D3-BF4B-00C04F79EFBC}") = "Animal", "Animal.csproj", "{4DB66240-1F49-467C-9613-C54C727E8E86}"
EndProject
Global
	GlobalSection(SolutionConfigurationPlatforms) = preSolution
		Debug|Any CPU = Debug|Any CPU
		Release|Any CPU = Release|Any CPU
	EndGlobalSection
	GlobalSection(ProjectConfigurationPlatforms) = postSolution
		{4DB66240-1F49-467C-9613-C54C727E8E86}.Debug|Any CPU.ActiveCfg = Debug|Any CPU
		{4DB66240-1F49-467C-9613-C54C727E8E86}.Debug|Any CPU.Build.0 = Debug|Any CPU
		{4DB66240-1F49-467C-9613-C54C727E8E86}.Release|Any CPU.ActiveCfg = Release|Any CPU
		{4DB66240-1F49-467C-9613-C54C727E8E86}.Release|Any CPU.Build.0 = Release|Any CPU
	EndGlobalSection
EndGlobal
